
Microsoft Visual Studio Solution File, Format Version 12.00
# Visual Studio 15
VisualStudioVersion = 15.0.26430.13
MinimumVisualStudioVersion = 10.0.40219.1
Project("{FAE04EC0-301F-11D3-BF4B-00C04F79EFBC}") = "CcRep", "CcRep\CcRep.csproj", "{398553AA-FA2F-4C6E-AE61-D35523DF96B6}"
EndProject
Global
	GlobalSection(SolutionConfigurationPlatforms) = preSolution
		Debug|Any CPU = Debug|Any CPU
		EnvTest|Any CPU = EnvTest|Any CPU
		Release|Any CPU = Release|Any CPU
	EndGlobalSection
	GlobalSection(ProjectConfigurationPlatforms) = postSolution
		{398553AA-FA2F-4C6E-AE61-D35523DF96B6}.Debug|Any CPU.ActiveCfg = Debug|Any CPU
		{398553AA-FA2F-4C6E-AE61-D35523DF96B6}.Debug|Any CPU.Build.0 = Debug|Any CPU
		{398553AA-FA2F-4C6E-AE61-D35523DF96B6}.EnvTest|Any CPU.ActiveCfg = EnvTest|Any CPU
		{398553AA-FA2F-4C6E-AE61-D35523DF96B6}.EnvTest|Any CPU.Build.0 = EnvTest|Any CPU
		{398553AA-FA2F-4C6E-AE61-D35523DF96B6}.EnvTest|Any CPU.Deploy.0 = EnvTest|Any CPU
		{398553AA-FA2F-4C6E-AE61-D35523DF96B6}.Release|Any CPU.ActiveCfg = Release|Any CPU
		{398553AA-FA2F-4C6E-AE61-D35523DF96B6}.Release|Any CPU.Build.0 = Release|Any CPU
	EndGlobalSection
	GlobalSection(SolutionProperties) = preSolution
		HideSolutionNode = FALSE
	EndGlobalSection
	GlobalSection(ExtensibilityGlobals) = postSolution
		SolutionGuid = {146BBC19-AB20-47BF-97A3-449DF88843D1}
	EndGlobalSection
EndGlobal
